// !$*UTF8*$!
{
	archiveVersion = 1;
	classes = {
	};
	objectVersion = 50;
	objects = {

/* Begin PBXBuildFile section */
		FAF847EA22BA39BF009FDD55 /* AppDelegate.m in Sources */ = {isa = PBXBuildFile; fileRef = FAF847E922BA39BF009FDD55 /* AppDelegate.m */; };
		FAF847ED22BA39BF009FDD55 /* ViewController.m in Sources */ = {isa = PBXBuildFile; fileRef = FAF847EC22BA39BF009FDD55 /* ViewController.m */; };
		FAF847F022BA39BF009FDD55 /* Main.storyboard in Resources */ = {isa = PBXBuildFile; fileRef = FAF847EE22BA39BF009FDD55 /* Main.storyboard */; };
		FAF847F322BA39BF009FDD55 /* DebtCount.xcdatamodeld in Sources */ = {isa = PBXBuildFile; fileRef = FAF847F122BA39BF009FDD55 /* DebtCount.xcdatamodeld */; };
		FAF847F522BA39C0009FDD55 /* Assets.xcassets in Resources */ = {isa = PBXBuildFile; fileRef = FAF847F422BA39C0009FDD55 /* Assets.xcassets */; };
		FAF847F822BA39C0009FDD55 /* LaunchScreen.storyboard in Resources */ = {isa = PBXBuildFile; fileRef = FAF847F622BA39C0009FDD55 /* LaunchScreen.storyboard */; };
		FAF847FB22BA39C0009FDD55 /* main.m in Sources */ = {isa = PBXBuildFile; fileRef = FAF847FA22BA39C0009FDD55 /* main.m */; };
/* End PBXBuildFile section */

/* Begin PBXFileReference section */
		FAF847E522BA39BF009FDD55 /* DebtCount.app */ = {isa = PBXFileReference; explicitFileType = wrapper.application; includeInIndex = 0; path = DebtCount.app; sourceTree = BUILT_PRODUCTS_DIR; };
		FAF847E822BA39BF009FDD55 /* AppDelegate.h */ = {isa = PBXFileReference; lastKnownFileType = sourcecode.c.h; path = AppDelegate.h; sourceTree = "<group>"; };
		FAF847E922BA39BF009FDD55 /* AppDelegate.m */ = {isa = PBXFileReference; lastKnownFileType = sourcecode.c.objc; path = AppDelegate.m; sourceTree = "<group>"; };
		FAF847EB22BA39BF009FDD55 /* ViewController.h */ = {isa = PBXFileReference; lastKnownFileType = sourcecode.c.h; path = ViewController.h; sourceTree = "<group>"; };
		FAF847EC22BA39BF009FDD55 /* ViewController.m */ = {isa = PBXFileReference; lastKnownFileType = sourcecode.c.objc; path = ViewController.m; sourceTree = "<group>"; };
		FAF847EF22BA39BF009FDD55 /* Base */ = {isa = PBXFileReference; lastKnownFileType = file.storyboard; name = Base; path = Base.lproj/Main.storyboard; sourceTree = "<group>"; };
		FAF847F222BA39BF009FDD55 /* DebtCount.xcdatamodel */ = {isa = PBXFileReference; lastKnownFileType = wrapper.xcdatamodel; path = DebtCount.xcdatamodel; sourceTree = "<group>"; };
		FAF847F422BA39C0009FDD55 /* Assets.xcassets */ = {isa = PBXFileReference; lastKnownFileType = folder.assetcatalog; path = Assets.xcassets; sourceTree = "<group>"; };
		FAF847F722BA39C0009FDD55 /* Base */ = {isa = PBXFileReference; lastKnownFileType = file.storyboard; name = Base; path = Base.lproj/LaunchScreen.storyboard; sourceTree = "<group>"; };
		FAF847F922BA39C0009FDD55 /* Info.plist */ = {isa = PBXFileReference; lastKnownFileType = text.plist.xml; path = Info.plist; sourceTree = "<group>"; };
		FAF847FA22BA39C0009FDD55 /* main.m */ = {isa = PBXFileReference; lastKnownFileType = sourcecode.c.objc; path = main.m; sourceTree = "<group>"; };
/* End PBXFileReference section */

/* Begin PBXFrameworksBuildPhase section */
		FAF847E222BA39BF009FDD55 /* Frameworks */ = {
			isa = PBXFrameworksBuildPhase;
			buildActionMask = 2147483647;
			files = (
			);
			runOnlyForDeploymentPostprocessing = 0;
		};
/* End PBXFrameworksBuildPhase section */

/* Begin PBXGroup section */
		FAF847DC22BA39BF009FDD55 = {
			isa = PBXGroup;
			children = (
				FAF847E722BA39BF009FDD55 /* DebtCount */,
				FAF847E622BA39BF009FDD55 /* Products */,
			);
			sourceTree = "<group>";
		};
		FAF847E622BA39BF009FDD55 /* Products */ = {
			isa = PBXGroup;
			children = (
				FAF847E522BA39BF009FDD55 /* DebtCount.app */,
			);
			name = Products;
			sourceTree = "<group>";
		};
		FAF847E722BA39BF009FDD55 /* DebtCount */ = {
			isa = PBXGroup;
			children = (
				FAF847E822BA39BF009FDD55 /* AppDelegate.h */,
				FAF847E922BA39BF009FDD55 /* AppDelegate.m */,
				FAF847EB22BA39BF009FDD55 /* ViewController.h */,
				FAF847EC22BA39BF009FDD55 /* ViewController.m */,
				FAF847EE22BA39BF009FDD55 /* Main.storyboard */,
				FAF847F422BA39C0009FDD55 /* Assets.xcassets */,
				FAF847F622BA39C0009FDD55 /* LaunchScreen.storyboard */,
				FAF847F922BA39C0009FDD55 /* Info.plist */,
				FAF847FA22BA39C0009FDD55 /* main.m */,
				FAF847F122BA39BF009FDD55 /* DebtCount.xcdatamodeld */,
			);
			path = DebtCount;
			sourceTree = "<group>";
		};
/* End PBXGroup section */

/* Begin PBXNativeTarget section */
		FAF847E422BA39BF009FDD55 /* DebtCount */ = {
			isa = PBXNativeTarget;
			buildConfigurationList = FAF847FE22BA39C0009FDD55 /* Build configuration list for PBXNativeTarget "DebtCount" */;
			buildPhases = (
				FAF847E122BA39BF009FDD55 /* Sources */,
				FAF847E222BA39BF009FDD55 /* Frameworks */,
				FAF847E322BA39BF009FDD55 /* Resources */,
			);
			buildRules = (
			);
			dependencies = (
			);
			name = DebtCount;
			productName = DebtCount;
			productReference = FAF847E522BA39BF009FDD55 /* DebtCount.app */;
			productType = "com.apple.product-type.application";
		};
/* End PBXNativeTarget section */

/* Begin PBXProject section */
		FAF847DD22BA39BF009FDD55 /* Project object */ = {
			isa = PBXProject;
			attributes = {
				LastUpgradeCheck = 1020;
				ORGANIZATIONNAME = "MAKSIM YUROV";
				TargetAttributes = {
					FAF847E422BA39BF009FDD55 = {
						CreatedOnToolsVersion = 10.2.1;
					};
				};
			};
			buildConfigurationList = FAF847E022BA39BF009FDD55 /* Build configuration list for PBXProject "DebtCount" */;
			compatibilityVersion = "Xcode 9.3";
			developmentRegion = en;
			hasScannedForEncodings = 0;
			knownRegions = (
				en,
				Base,
			);
			mainGroup = FAF847DC22BA39BF009FDD55;
			productRefGroup = FAF847E622BA39BF009FDD55 /* Products */;
			projectDirPath = "";
			projectRoot = "";
			targets = (
				FAF847E422BA39BF009FDD55 /* DebtCount */,
			);
		};
/* End PBXProject section */

/* Begin PBXResourcesBuildPhase section */
		FAF847E322BA39BF009FDD55 /* Resources */ = {
			isa = PBXResourcesBuildPhase;
			buildActionMask = 2147483647;
			files = (
				FAF847F822BA39C0009FDD55 /* LaunchScreen.storyboard in Resources */,
				FAF847F522BA39C0009FDD55 /* Assets.xcassets in Resources */,
				FAF847F022BA39BF009FDD55 /* Main.storyboard in Resources */,
			);
			runOnlyForDeploymentPostprocessing = 0;
		};
/* End PBXResourcesBuildPhase section */

/* Begin PBXSourcesBuildPhase section */
		FAF847E122BA39BF009FDD55 /* Sources */ = {
			isa = PBXSourcesBuildPhase;
			buildActionMask = 2147483647;
			files = (
				FAF847F322BA39BF009FDD55 /* DebtCount.xcdatamodeld in Sources */,
				FAF847ED22BA39BF009FDD55 /* ViewController.m in Sources */,
				FAF847FB22BA39C0009FDD55 /* main.m in Sources */,
				FAF847EA22BA39BF009FDD55 /* AppDelegate.m in Sources */,
			);
			runOnlyForDeploymentPostprocessing = 0;
		};
/* End PBXSourcesBuildPhase section */

/* Begin PBXVariantGroup section */
		FAF847EE22BA39BF009FDD55 /* Main.storyboard */ = {
			isa = PBXVariantGroup;
			children = (
				FAF847EF22BA39BF009FDD55 /* Base */,
			);
			name = Main.storyboard;
			sourceTree = "<group>";
		};
		FAF847F622BA39C0009FDD55 /* LaunchScreen.storyboard */ = {
			isa = PBXVariantGroup;
			children = (
				FAF847F722BA39C0009FDD55 /* Base */,
			);
			name = LaunchScreen.storyboard;
			sourceTree = "<group>";
		};
/* End PBXVariantGroup section */

/* Begin XCBuildConfiguration section */
		FAF847FC22BA39C0009FDD55 /* Debug */ = {
			isa = XCBuildConfiguration;
			buildSettings = {
				ALWAYS_SEARCH_USER_PATHS = NO;
				CLANG_ANALYZER_NONNULL = YES;
				CLANG_ANALYZER_NUMBER_OBJECT_CONVERSION = YES_AGGRESSIVE;
				CLANG_CXX_LANGUAGE_STANDARD = "gnu++14";
				CLANG_CXX_LIBRARY = "libc++";
				CLANG_ENABLE_MODULES = YES;
				CLANG_ENABLE_OBJC_ARC = YES;
				CLANG_ENABLE_OBJC_WEAK = YES;
				CLANG_WARN_BLOCK_CAPTURE_AUTORELEASING = YES;
				CLANG_WARN_BOOL_CONVERSION = YES;
				CLANG_WARN_COMMA = YES;
				CLANG_WARN_CONSTANT_CONVERSION = YES;
				CLANG_WARN_DEPRECATED_OBJC_IMPLEMENTATIONS = YES;
				CLANG_WARN_DIRECT_OBJC_ISA_USAGE = YES_ERROR;
				CLANG_WARN_DOCUMENTATION_COMMENTS = YES;
				CLANG_WARN_EMPTY_BODY = YES;
				CLANG_WARN_ENUM_CONVERSION = YES;
				CLANG_WARN_INFINITE_RECURSION = YES;
				CLANG_WARN_INT_CONVERSION = YES;
				CLANG_WARN_NON_LITERAL_NULL_CONVERSION = YES;
				CLANG_WARN_OBJC_IMPLICIT_RETAIN_SELF = YES;
				CLANG_WARN_OBJC_LITERAL_CONVERSION = YES;
				CLANG_WARN_OBJC_ROOT_CLASS = YES_ERROR;
				CLANG_WARN_RANGE_LOOP_ANALYSIS = YES;
				CLANG_WARN_STRICT_PROTOTYPES = YES;
				CLANG_WARN_SUSPICIOUS_MOVE = YES;
				CLANG_WARN_UNGUARDED_AVAILABILITY = YES_AGGRESSIVE;
				CLANG_WARN_UNREACHABLE_CODE = YES;
				CLANG_WARN__DUPLICATE_METHOD_MATCH = YES;
				CODE_SIGN_IDENTITY = "iPhone Developer";
				COPY_PHASE_STRIP = NO;
				DEBUG_INFORMATION_FORMAT = dwarf;
				ENABLE_STRICT_OBJC_MSGSEND = YES;
				ENABLE_TESTABILITY = YES;
				GCC_C_LANGUAGE_STANDARD = gnu11;
				GCC_DYNAMIC_NO_PIC = NO;
				GCC_NO_COMMON_BLOCKS = YES;
				GCC_OPTIMIZATION_LEVEL = 0;
				GCC_PREPROCESSOR_DEFINITIONS = (
					"DEBUG=1",
					"$(inherited)",
				);
				GCC_WARN_64_TO_32_BIT_CONVERSION = YES;
				GCC_WARN_ABOUT_RETURN_TYPE = YES_ERROR;
				GCC_WARN_UNDECLARED_SELECTOR = YES;
				GCC_WARN_UNINITIALIZED_AUTOS = YES_AGGRESSIVE;
				GCC_WARN_UNUSED_FUNCTION = YES;
				GCC_WARN_UNUSED_VARIABLE = YES;
				IPHONEOS_DEPLOYMENT_TARGET = 12.2;
				MTL_ENABLE_DEBUG_INFO = INCLUDE_SOURCE;
				MTL_FAST_MATH = YES;
				ONLY_ACTIVE_ARCH = YES;
				SDKROOT = iphoneos;
			};
			name = Debug;
		};
		FAF847FD22BA39C0009FDD55 /* Release */ = {
			isa = XCBuildConfiguration;
			buildSettings = {
				ALWAYS_SEARCH_USER_PATHS = NO;
				CLANG_ANALYZER_NONNULL = YES;
				CLANG_ANALYZER_NUMBER_OBJECT_CONVERSION = YES_AGGRESSIVE;
				CLANG_CXX_LANGUAGE_STANDARD = "gnu++14";
				CLANG_CXX_LIBRARY = "libc++";
				CLANG_ENABLE_MODULES = YES;
				CLANG_ENABLE_OBJC_ARC = YES;
				CLANG_ENABLE_OBJC_WEAK = YES;
				CLANG_WARN_BLOCK_CAPTURE_AUTORELEASING = YES;
				CLANG_WARN_BOOL_CONVERSION = YES;
				CLANG_WARN_COMMA = YES;
				CLANG_WARN_CONSTANT_CONVERSION = YES;
				CLANG_WARN_DEPRECATED_OBJC_IMPLEMENTATIONS = YES;
				CLANG_WARN_DIRECT_OBJC_ISA_USAGE = YES_ERROR;
				CLANG_WARN_DOCUMENTATION_COMMENTS = YES;
				CLANG_WARN_EMPTY_BODY = YES;
				CLANG_WARN_ENUM_CONVERSION = YES;
				CLANG_WARN_INFINITE_RECURSION = YES;
				CLANG_WARN_INT_CONVERSION = YES;
				CLANG_WARN_NON_LITERAL_NULL_CONVERSION = YES;
				CLANG_WARN_OBJC_IMPLICIT_RETAIN_SELF = YES;
				CLANG_WARN_OBJC_LITERAL_CONVERSION = YES;
				CLANG_WARN_OBJC_ROOT_CLASS = YES_ERROR;
				CLANG_WARN_RANGE_LOOP_ANALYSIS = YES;
				CLANG_WARN_STRICT_PROTOTYPES = YES;
				CLANG_WARN_SUSPICIOUS_MOVE = YES;
				CLANG_WARN_UNGUARDED_AVAILABILITY = YES_AGGRESSIVE;
				CLANG_WARN_UNREACHABLE_CODE = YES;
				CLANG_WARN__DUPLICATE_METHOD_MATCH = YES;
				CODE_SIGN_IDENTITY = "iPhone Developer";
				COPY_PHASE_STRIP = NO;
				DEBUG_INFORMATION_FORMAT = "dwarf-with-dsym";
				ENABLE_NS_ASSERTIONS = NO;
				ENABLE_STRICT_OBJC_MSGSEND = YES;
				GCC_C_LANGUAGE_STANDARD = gnu11;
				GCC_NO_COMMON_BLOCKS = YES;
				GCC_WARN_64_TO_32_BIT_CONVERSION = YES;
				GCC_WARN_ABOUT_RETURN_TYPE = YES_ERROR;
				GCC_WARN_UNDECLARED_SELECTOR = YES;
				GCC_WARN_UNINITIALIZED_AUTOS = YES_AGGRESSIVE;
				GCC_WARN_UNUSED_FUNCTION = YES;
				GCC_WARN_UNUSED_VARIABLE = YES;
				IPHONEOS_DEPLOYMENT_TARGET = 12.2;
				MTL_ENABLE_DEBUG_INFO = NO;
				MTL_FAST_MATH = YES;
				SDKROOT = iphoneos;
				VALIDATE_PRODUCT = YES;
			};
			name = Release;
		};
		FAF847FF22BA39C0009FDD55 /* Debug */ = {
			isa = XCBuildConfiguration;
			buildSettings = {
				ASSETCATALOG_COMPILER_APPICON_NAME = AppIcon;
				CODE_SIGN_STYLE = Automatic;
				DEVELOPMENT_TEAM = 375U32WX29;
				INFOPLIST_FILE = DebtCount/Info.plist;
				LD_RUNPATH_SEARCH_PATHS = (
					"$(inherited)",
					"@executable_path/Frameworks",
				);
				PRODUCT_BUNDLE_IDENTIFIER = com.MaximYurov.DebtCount;
				PRODUCT_NAME = "$(TARGET_NAME)";
				TARGETED_DEVICE_FAMILY = "1,2";
			};
			name = Debug;
		};
		FAF8480022BA39C0009FDD55 /* Release */ = {
			isa = XCBuildConfiguration;
			buildSettings = {
				ASSETCATALOG_COMPILER_APPICON_NAME = AppIcon;
				CODE_SIGN_STYLE = Automatic;
				DEVELOPMENT_TEAM = 375U32WX29;
				INFOPLIST_FILE = DebtCount/Info.plist;
				LD_RUNPATH_SEARCH_PATHS = (
					"$(inherited)",
					"@executable_path/Frameworks",
				);
				PRODUCT_BUNDLE_IDENTIFIER = com.MaximYurov.DebtCount;
				PRODUCT_NAME = "$(TARGET_NAME)";
				TARGETED_DEVICE_FAMILY = "1,2";
			};
			name = Release;
		};
/* End XCBuildConfiguration section */

/* Begin XCConfigurationList section */
		FAF847E022BA39BF009FDD55 /* Build configuration list for PBXProject "DebtCount" */ = {
			isa = XCConfigurationList;
			buildConfigurations = (
				FAF847FC22BA39C0009FDD55 /* Debug */,
				FAF847FD22BA39C0009FDD55 /* Release */,
			);
			defaultConfigurationIsVisible = 0;
			defaultConfigurationName = Release;
		};
		FAF847FE22BA39C0009FDD55 /* Build configuration list for PBXNativeTarget "DebtCount" */ = {
			isa = XCConfigurationList;
			buildConfigurations = (
				FAF847FF22BA39C0009FDD55 /* Debug */,
				FAF8480022BA39C0009FDD55 /* Release */,
			);
			defaultConfigurationIsVisible = 0;
			defaultConfigurationName = Release;
		};
/* End XCConfigurationList section */

/* Begin XCVersionGroup section */
		FAF847F122BA39BF009FDD55 /* DebtCount.xcdatamodeld */ = {
			isa = XCVersionGroup;
			children = (
				FAF847F222BA39BF009FDD55 /* DebtCount.xcdatamodel */,
			);
			currentVersion = FAF847F222BA39BF009FDD55 /* DebtCount.xcdatamodel */;
			path = DebtCount.xcdatamodeld;
			sourceTree = "<group>";
			versionGroupType = wrapper.xcdatamodel;
		};
/* End XCVersionGroup section */
	};
	rootObject = FAF847DD22BA39BF009FDD55 /* Project object */;
}
